// !$*UTF8*$!
{
	archiveVersion = 1;
	classes = {
	};
	objectVersion = 77;
	objects = {

/* Begin PBXBuildFile section */
		5912CD8C2ECD81AF00B6B4FA /* Auth in Frameworks */ = {isa = PBXBuildFile; productRef = 5912CD8B2ECD81AF00B6B4FA /* Auth */; };
		5912CD8E2ECD81AF00B6B4FA /* Functions in Frameworks */ = {isa = PBXBuildFile; productRef = 5912CD8D2ECD81AF00B6B4FA /* Functions */; };
		5912CD902ECD81AF00B6B4FA /* PostgREST in Frameworks */ = {isa = PBXBuildFile; productRef = 5912CD8F2ECD81AF00B6B4FA /* PostgREST */; };
		5912CD922ECD81AF00B6B4FA /* Realtime in Frameworks */ = {isa = PBXBuildFile; productRef = 5912CD912ECD81AF00B6B4FA /* Realtime */; };
		5912CD942ECD81AF00B6B4FA /* Storage in Frameworks */ = {isa = PBXBuildFile; productRef = 5912CD932ECD81AF00B6B4FA /* Storage */; };
		5912CD972ECD81C900B6B4FA /* Supabase in Frameworks */ = {isa = PBXBuildFile; productRef = 5912CD962ECD81C900B6B4FA /* Supabase */; };
/* End PBXBuildFile section */

/* Begin PBXContainerItemProxy section */
		55F004152EBA004A00C4CE12 /* PBXContainerItemProxy */ = {
			isa = PBXContainerItemProxy;
			containerPortal = 55F003F62EBA004900C4CE12 /* Project object */;
			proxyType = 1;
			remoteGlobalIDString = 55F003FD2EBA004900C4CE12;
			remoteInfo = iCohort3;
		};
		55F0041F2EBA004A00C4CE12 /* PBXContainerItemProxy */ = {
			isa = PBXContainerItemProxy;
			containerPortal = 55F003F62EBA004900C4CE12 /* Project object */;
			proxyType = 1;
			remoteGlobalIDString = 55F003FD2EBA004900C4CE12;
			remoteInfo = iCohort3;
		};
/* End PBXContainerItemProxy section */

/* Begin PBXFileReference section */
		55F003FE2EBA004900C4CE12 /* iCohort3.app */ = {isa = PBXFileReference; explicitFileType = wrapper.application; includeInIndex = 0; path = iCohort3.app; sourceTree = BUILT_PRODUCTS_DIR; };
		55F004142EBA004A00C4CE12 /* iCohort3Tests.xctest */ = {isa = PBXFileReference; explicitFileType = wrapper.cfbundle; includeInIndex = 0; path = iCohort3Tests.xctest; sourceTree = BUILT_PRODUCTS_DIR; };
		55F0041E2EBA004A00C4CE12 /* iCohort3UITests.xctest */ = {isa = PBXFileReference; explicitFileType = wrapper.cfbundle; includeInIndex = 0; path = iCohort3UITests.xctest; sourceTree = BUILT_PRODUCTS_DIR; };
/* End PBXFileReference section */

/* Begin PBXFileSystemSynchronizedBuildFileExceptionSet section */
		55F004262EBA004A00C4CE12 /* Exceptions for "iCohort3" folder in "iCohort3" target */ = {
			isa = PBXFileSystemSynchronizedBuildFileExceptionSet;
			membershipExceptions = (
				Info.plist,
			);
			target = 55F003FD2EBA004900C4CE12 /* iCohort3 */;
		};
/* End PBXFileSystemSynchronizedBuildFileExceptionSet section */

/* Begin PBXFileSystemSynchronizedRootGroup section */
		55F004002EBA004900C4CE12 /* iCohort3 */ = {
			isa = PBXFileSystemSynchronizedRootGroup;
			exceptions = (
				55F004262EBA004A00C4CE12 /* Exceptions for "iCohort3" folder in "iCohort3" target */,
			);
			path = iCohort3;
			sourceTree = "<group>";
		};
		55F004172EBA004A00C4CE12 /* iCohort3Tests */ = {
			isa = PBXFileSystemSynchronizedRootGroup;
			path = iCohort3Tests;
			sourceTree = "<group>";
		};
		55F004212EBA004A00C4CE12 /* iCohort3UITests */ = {
			isa = PBXFileSystemSynchronizedRootGroup;
			path = iCohort3UITests;
			sourceTree = "<group>";
		};
/* End PBXFileSystemSynchronizedRootGroup section */

/* Begin PBXFrameworksBuildPhase section */
		55F003FB2EBA004900C4CE12 /* Frameworks */ = {
			isa = PBXFrameworksBuildPhase;
			buildActionMask = 2147483647;
			files = (
				5912CD902ECD81AF00B6B4FA /* PostgREST in Frameworks */,
				5912CD8E2ECD81AF00B6B4FA /* Functions in Frameworks */,
				5912CD972ECD81C900B6B4FA /* Supabase in Frameworks */,
				5912CD8C2ECD81AF00B6B4FA /* Auth in Frameworks */,
				5912CD942ECD81AF00B6B4FA /* Storage in Frameworks */,
				5912CD922ECD81AF00B6B4FA /* Realtime in Frameworks */,
			);
			runOnlyForDeploymentPostprocessing = 0;
		};
		55F004112EBA004A00C4CE12 /* Frameworks */ = {
			isa = PBXFrameworksBuildPhase;
			buildActionMask = 2147483647;
			files = (
			);
			runOnlyForDeploymentPostprocessing = 0;
		};
		55F0041B2EBA004A00C4CE12 /* Frameworks */ = {
			isa = PBXFrameworksBuildPhase;
			buildActionMask = 2147483647;
			files = (
			);
			runOnlyForDeploymentPostprocessing = 0;
		};
/* End PBXFrameworksBuildPhase section */

/* Begin PBXGroup section */
		55F003F52EBA004900C4CE12 = {
			isa = PBXGroup;
			children = (
				55F004002EBA004900C4CE12 /* iCohort3 */,
				55F004172EBA004A00C4CE12 /* iCohort3Tests */,
				55F004212EBA004A00C4CE12 /* iCohort3UITests */,
				5912CD952ECD81C900B6B4FA /* Frameworks */,
				55F003FF2EBA004900C4CE12 /* Products */,
			);
			sourceTree = "<group>";
		};
		55F003FF2EBA004900C4CE12 /* Products */ = {
			isa = PBXGroup;
			children = (
				55F003FE2EBA004900C4CE12 /* iCohort3.app */,
				55F004142EBA004A00C4CE12 /* iCohort3Tests.xctest */,
				55F0041E2EBA004A00C4CE12 /* iCohort3UITests.xctest */,
			);
			name = Products;
			sourceTree = "<group>";
		};
		5912CD952ECD81C900B6B4FA /* Frameworks */ = {
			isa = PBXGroup;
			children = (
			);
			name = Frameworks;
			sourceTree = "<group>";
		};
/* End PBXGroup section */

/* Begin PBXNativeTarget section */
		55F003FD2EBA004900C4CE12 /* iCohort3 */ = {
			isa = PBXNativeTarget;
			buildConfigurationList = 55F004272EBA004A00C4CE12 /* Build configuration list for PBXNativeTarget "iCohort3" */;
			buildPhases = (
				55F003FA2EBA004900C4CE12 /* Sources */,
				55F003FB2EBA004900C4CE12 /* Frameworks */,
				55F003FC2EBA004900C4CE12 /* Resources */,
			);
			buildRules = (
			);
			dependencies = (
			);
			fileSystemSynchronizedGroups = (
				55F004002EBA004900C4CE12 /* iCohort3 */,
			);
			name = iCohort3;
			packageProductDependencies = (
				5912CD8B2ECD81AF00B6B4FA /* Auth */,
				5912CD8D2ECD81AF00B6B4FA /* Functions */,
				5912CD8F2ECD81AF00B6B4FA /* PostgREST */,
				5912CD912ECD81AF00B6B4FA /* Realtime */,
				5912CD932ECD81AF00B6B4FA /* Storage */,
				5912CD962ECD81C900B6B4FA /* Supabase */,
			);
			productName = iCohort3;
			productReference = 55F003FE2EBA004900C4CE12 /* iCohort3.app */;
			productType = "com.apple.product-type.application";
		};
		55F004132EBA004A00C4CE12 /* iCohort3Tests */ = {
			isa = PBXNativeTarget;
			buildConfigurationList = 55F0042C2EBA004A00C4CE12 /* Build configuration list for PBXNativeTarget "iCohort3Tests" */;
			buildPhases = (
				55F004102EBA004A00C4CE12 /* Sources */,
				55F004112EBA004A00C4CE12 /* Frameworks */,
				55F004122EBA004A00C4CE12 /* Resources */,
			);
			buildRules = (
			);
			dependencies = (
				55F004162EBA004A00C4CE12 /* PBXTargetDependency */,
			);
			fileSystemSynchronizedGroups = (
				55F004172EBA004A00C4CE12 /* iCohort3Tests */,
			);
			name = iCohort3Tests;
			packageProductDependencies = (
			);
			productName = iCohort3Tests;
			productReference = 55F004142EBA004A00C4CE12 /* iCohort3Tests.xctest */;
			productType = "com.apple.product-type.bundle.unit-test";
		};
		55F0041D2EBA004A00C4CE12 /* iCohort3UITests */ = {
			isa = PBXNativeTarget;
			buildConfigurationList = 55F0042F2EBA004A00C4CE12 /* Build configuration list for PBXNativeTarget "iCohort3UITests" */;
			buildPhases = (
				55F0041A2EBA004A00C4CE12 /* Sources */,
				55F0041B2EBA004A00C4CE12 /* Frameworks */,
				55F0041C2EBA004A00C4CE12 /* Resources */,
			);
			buildRules = (
			);
			dependencies = (
				55F004202EBA004A00C4CE12 /* PBXTargetDependency */,
			);
			fileSystemSynchronizedGroups = (
				55F004212EBA004A00C4CE12 /* iCohort3UITests */,
			);
			name = iCohort3UITests;
			packageProductDependencies = (
			);
			productName = iCohort3UITests;
			productReference = 55F0041E2EBA004A00C4CE12 /* iCohort3UITests.xctest */;
			productType = "com.apple.product-type.bundle.ui-testing";
		};
/* End PBXNativeTarget section */

/* Begin PBXProject section */
		55F003F62EBA004900C4CE12 /* Project object */ = {
			isa = PBXProject;
			attributes = {
				BuildIndependentTargetsInParallel = 1;
				LastSwiftUpdateCheck = 2610;
				LastUpgradeCheck = 2610;
				TargetAttributes = {
					55F003FD2EBA004900C4CE12 = {
						CreatedOnToolsVersion = 26.1;
						LastSwiftMigration = 2610;
					};
					55F004132EBA004A00C4CE12 = {
						CreatedOnToolsVersion = 26.1;
						TestTargetID = 55F003FD2EBA004900C4CE12;
					};
					55F0041D2EBA004A00C4CE12 = {
						CreatedOnToolsVersion = 26.1;
						TestTargetID = 55F003FD2EBA004900C4CE12;
					};
				};
			};
			buildConfigurationList = 55F003F92EBA004900C4CE12 /* Build configuration list for PBXProject "iCohort3" */;
			developmentRegion = en;
			hasScannedForEncodings = 0;
			knownRegions = (
				en,
				Base,
			);
			mainGroup = 55F003F52EBA004900C4CE12;
			minimizedProjectReferenceProxies = 1;
			packageReferences = (
				5912CD8A2ECD81AF00B6B4FA /* XCRemoteSwiftPackageReference "supabase-swift" */,
			);
			preferredProjectObjectVersion = 77;
			productRefGroup = 55F003FF2EBA004900C4CE12 /* Products */;
			projectDirPath = "";
			projectRoot = "";
			targets = (
				55F003FD2EBA004900C4CE12 /* iCohort3 */,
				55F004132EBA004A00C4CE12 /* iCohort3Tests */,
				55F0041D2EBA004A00C4CE12 /* iCohort3UITests */,
			);
		};
/* End PBXProject section */

/* Begin PBXResourcesBuildPhase section */
		55F003FC2EBA004900C4CE12 /* Resources */ = {
			isa = PBXResourcesBuildPhase;
			buildActionMask = 2147483647;
			files = (
			);
			runOnlyForDeploymentPostprocessing = 0;
		};
		55F004122EBA004A00C4CE12 /* Resources */ = {
			isa = PBXResourcesBuildPhase;
			buildActionMask = 2147483647;
			files = (
			);
			runOnlyForDeploymentPostprocessing = 0;
		};
		55F0041C2EBA004A00C4CE12 /* Resources */ = {
			isa = PBXResourcesBuildPhase;
			buildActionMask = 2147483647;
			files = (
			);
			runOnlyForDeploymentPostprocessing = 0;
		};
/* End PBXResourcesBuildPhase section */

/* Begin PBXSourcesBuildPhase section */
		55F003FA2EBA004900C4CE12 /* Sources */ = {
			isa = PBXSourcesBuildPhase;
			buildActionMask = 2147483647;
			files = (
			);
			runOnlyForDeploymentPostprocessing = 0;
		};
		55F004102EBA004A00C4CE12 /* Sources */ = {
			isa = PBXSourcesBuildPhase;
			buildActionMask = 2147483647;
			files = (
			);
			runOnlyForDeploymentPostprocessing = 0;
		};
		55F0041A2EBA004A00C4CE12 /* Sources */ = {
			isa = PBXSourcesBuildPhase;
			buildActionMask = 2147483647;
			files = (
			);
			runOnlyForDeploymentPostprocessing = 0;
		};
/* End PBXSourcesBuildPhase section */

/* Begin PBXTargetDependency section */
		55F004162EBA004A00C4CE12 /* PBXTargetDependency */ = {
			isa = PBXTargetDependency;
			target = 55F003FD2EBA004900C4CE12 /* iCohort3 */;
			targetProxy = 55F004152EBA004A00C4CE12 /* PBXContainerItemProxy */;
		};
		55F004202EBA004A00C4CE12 /* PBXTargetDependency */ = {
			isa = PBXTargetDependency;
			target = 55F003FD2EBA004900C4CE12 /* iCohort3 */;
			targetProxy = 55F0041F2EBA004A00C4CE12 /* PBXContainerItemProxy */;
		};
/* End PBXTargetDependency section */

/* Begin XCBuildConfiguration section */
		55F004282EBA004A00C4CE12 /* Debug */ = {
			isa = XCBuildConfiguration;
			buildSettings = {
				ASSETCATALOG_COMPILER_APPICON_NAME = AppIcon;
				ASSETCATALOG_COMPILER_GLOBAL_ACCENT_COLOR_NAME = AccentColor;
				CLANG_ENABLE_MODULES = YES;
				CODE_SIGN_STYLE = Automatic;
				CURRENT_PROJECT_VERSION = 3;
				DEVELOPMENT_TEAM = K75YG36RDS;
				GENERATE_INFOPLIST_FILE = YES;
				INFOPLIST_FILE = iCohort3/Info.plist;
				INFOPLIST_KEY_CFBundleDisplayName = iCohort;
				INFOPLIST_KEY_LSApplicationCategoryType = "public.app-category.education";
				INFOPLIST_KEY_NSCameraUsageDescription = "Camera access is used to let you update your profile photo.";
				INFOPLIST_KEY_UIApplicationSupportsIndirectInputEvents = YES;
				INFOPLIST_KEY_UILaunchStoryboardName = LaunchScreen;
				INFOPLIST_KEY_UIMainStoryboardFile = Main;
				INFOPLIST_KEY_UIStatusBarStyle = "";
				INFOPLIST_KEY_UISupportedInterfaceOrientations_iPad = "UIInterfaceOrientationPortrait UIInterfaceOrientationPortraitUpsideDown UIInterfaceOrientationLandscapeLeft UIInterfaceOrientationLandscapeRight";
				INFOPLIST_KEY_UISupportedInterfaceOrientations_iPhone = "UIInterfaceOrientationPortrait UIInterfaceOrientationLandscapeLeft UIInterfaceOrientationLandscapeRight";
				LD_RUNPATH_SEARCH_PATHS = (
					"$(inherited)",
					"@executable_path/Frameworks",
				);
				MARKETING_VERSION = 1.0;
				PRODUCT_BUNDLE_IDENTIFIER = com.srmist.iCohort;
				PRODUCT_NAME = "$(TARGET_NAME)";
				STRING_CATALOG_GENERATE_SYMBOLS = YES;
				SUPPORTED_PLATFORMS = "iphoneos iphonesimulator";
				SUPPORTS_MACCATALYST = NO;
				SUPPORTS_MAC_DESIGNED_FOR_IPHONE_IPAD = NO;
				SUPPORTS_XR_DESIGNED_FOR_IPHONE_IPAD = NO;
				SWIFT_APPROACHABLE_CONCURRENCY = YES;
				SWIFT_DEFAULT_ACTOR_ISOLATION = MainActor;
				SWIFT_EMIT_LOC_STRINGS = YES;
				SWIFT_OPTIMIZATION_LEVEL = "-Onone";
				SWIFT_UPCOMING_FEATURE_MEMBER_IMPORT_VISIBILITY = YES;
				SWIFT_VERSION = 5.0;
				TARGETED_DEVICE_FAMILY = "1,2";
			};
			name = Debug;
		};
		55F004292EBA004A00C4CE12 /* Release */ = {
			isa = XCBuildConfiguration;
			buildSettings = {
				ASSETCATALOG_COMPILER_APPICON_NAME = AppIcon;
				ASSETCATALOG_COMPILER_GLOBAL_ACCENT_COLOR_NAME = AccentColor;
				CLANG_ENABLE_MODULES = YES;
				CODE_SIGN_STYLE = Automatic;
				CURRENT_PROJECT_VERSION = 3;
				DEVELOPMENT_TEAM = K75YG36RDS;
				GENERATE_INFOPLIST_FILE = YES;
				INFOPLIST_FILE = iCohort3/Info.plist;
				INFOPLIST_KEY_CFBundleDisplayName = iCohort;
				INFOPLIST_KEY_LSApplicationCategoryType = "public.app-category.education";
				INFOPLIST_KEY_NSCameraUsageDescription = "Camera access is used to let you update your profile photo.";
				INFOPLIST_KEY_UIApplicationSupportsIndirectInputEvents = YES;
				INFOPLIST_KEY_UILaunchStoryboardName = LaunchScreen;
				INFOPLIST_KEY_UIMainStoryboardFile = Main;
				INFOPLIST_KEY_UIStatusBarStyle = "";
				INFOPLIST_KEY_UISupportedInterfaceOrientations_iPad = "UIInterfaceOrientationPortrait UIInterfaceOrientationPortraitUpsideDown UIInterfaceOrientationLandscapeLeft UIInterfaceOrientationLandscapeRight";
				INFOPLIST_KEY_UISupportedInterfaceOrientations_iPhone = "UIInterfaceOrientationPortrait UIInterfaceOrientationLandscapeLeft UIInterfaceOrientationLandscapeRight";
				LD_RUNPATH_SEARCH_PATHS = (
					"$(inherited)",
					"@executable_path/Frameworks",
				);
				MARKETING_VERSION = 1.0;
				PRODUCT_BUNDLE_IDENTIFIER = com.srmist.iCohort;
				PRODUCT_NAME = "$(TARGET_NAME)";
				STRING_CATALOG_GENERATE_SYMBOLS = YES;
				SUPPORTED_PLATFORMS = "iphoneos iphonesimulator";
				SUPPORTS_MACCATALYST = NO;
				SUPPORTS_MAC_DESIGNED_FOR_IPHONE_IPAD = NO;
				SUPPORTS_XR_DESIGNED_FOR_IPHONE_IPAD = NO;
				SWIFT_APPROACHABLE_CONCURRENCY = YES;
				SWIFT_DEFAULT_ACTOR_ISOLATION = MainActor;
				SWIFT_EMIT_LOC_STRINGS = YES;
				SWIFT_UPCOMING_FEATURE_MEMBER_IMPORT_VISIBILITY = YES;
				SWIFT_VERSION = 5.0;
				TARGETED_DEVICE_FAMILY = "1,2";
			};
			name = Release;
		};
		55F0042A2EBA004A00C4CE12 /* Debug */ = {
			isa = XCBuildConfiguration;
			buildSettings = {
				ALWAYS_SEARCH_USER_PATHS = NO;
				ASSETCATALOG_COMPILER_GENERATE_SWIFT_ASSET_SYMBOL_EXTENSIONS = YES;
				CLANG_ANALYZER_NONNULL = YES;
				CLANG_ANALYZER_NUMBER_OBJECT_CONVERSION = YES_AGGRESSIVE;
				CLANG_CXX_LANGUAGE_STANDARD = "gnu++20";
				CLANG_ENABLE_MODULES = YES;
				CLANG_ENABLE_OBJC_ARC = YES;
				CLANG_ENABLE_OBJC_WEAK = YES;
				CLANG_WARN_BLOCK_CAPTURE_AUTORELEASING = YES;
				CLANG_WARN_BOOL_CONVERSION = YES;
				CLANG_WARN_COMMA = YES;
				CLANG_WARN_CONSTANT_CONVERSION = YES;
				CLANG_WARN_DEPRECATED_OBJC_IMPLEMENTATIONS = YES;
				CLANG_WARN_DIRECT_OBJC_ISA_USAGE = YES_ERROR;
				CLANG_WARN_DOCUMENTATION_COMMENTS = YES;
				CLANG_WARN_EMPTY_BODY = YES;
				CLANG_WARN_ENUM_CONVERSION = YES;
				CLANG_WARN_INFINITE_RECURSION = YES;
				CLANG_WARN_INT_CONVERSION = YES;
				CLANG_WARN_NON_LITERAL_NULL_CONVERSION = YES;
				CLANG_WARN_OBJC_IMPLICIT_RETAIN_SELF = YES;
				CLANG_WARN_OBJC_LITERAL_CONVERSION = YES;
				CLANG_WARN_OBJC_ROOT_CLASS = YES_ERROR;
				CLANG_WARN_QUOTED_INCLUDE_IN_FRAMEWORK_HEADER = YES;
				CLANG_WARN_RANGE_LOOP_ANALYSIS = YES;
				CLANG_WARN_STRICT_PROTOTYPES = YES;
				CLANG_WARN_SUSPICIOUS_MOVE = YES;
				CLANG_WARN_UNGUARDED_AVAILABILITY = YES_AGGRESSIVE;
				CLANG_WARN_UNREACHABLE_CODE = YES;
				CLANG_WARN__DUPLICATE_METHOD_MATCH = YES;
				COPY_PHASE_STRIP = NO;
				DEBUG_INFORMATION_FORMAT = dwarf;
				ENABLE_STRICT_OBJC_MSGSEND = YES;
				ENABLE_TESTABILITY = YES;
				ENABLE_USER_SCRIPT_SANDBOXING = YES;
				GCC_C_LANGUAGE_STANDARD = gnu17;
				GCC_DYNAMIC_NO_PIC = NO;
				GCC_NO_COMMON_BLOCKS = YES;
				GCC_OPTIMIZATION_LEVEL = 0;
				GCC_PREPROCESSOR_DEFINITIONS = (
					"DEBUG=1",
					"$(inherited)",
				);
				GCC_WARN_64_TO_32_BIT_CONVERSION = YES;
				GCC_WARN_ABOUT_RETURN_TYPE = YES_ERROR;
				GCC_WARN_UNDECLARED_SELECTOR = YES;
				GCC_WARN_UNINITIALIZED_AUTOS = YES_AGGRESSIVE;
				GCC_WARN_UNUSED_FUNCTION = YES;
				GCC_WARN_UNUSED_VARIABLE = YES;
				IPHONEOS_DEPLOYMENT_TARGET = 26.1;
				LOCALIZATION_PREFERS_STRING_CATALOGS = YES;
				MTL_ENABLE_DEBUG_INFO = INCLUDE_SOURCE;
				MTL_FAST_MATH = YES;
				ONLY_ACTIVE_ARCH = YES;
				SDKROOT = iphoneos;
				SWIFT_ACTIVE_COMPILATION_CONDITIONS = "DEBUG $(inherited)";
				SWIFT_OPTIMIZATION_LEVEL = "-Onone";
			};
			name = Debug;
		};
		55F0042B2EBA004A00C4CE12 /* Release */ = {
			isa = XCBuildConfiguration;
			buildSettings = {
				ALWAYS_SEARCH_USER_PATHS = NO;
				ASSETCATALOG_COMPILER_GENERATE_SWIFT_ASSET_SYMBOL_EXTENSIONS = YES;
				CLANG_ANALYZER_NONNULL = YES;
				CLANG_ANALYZER_NUMBER_OBJECT_CONVERSION = YES_AGGRESSIVE;
				CLANG_CXX_LANGUAGE_STANDARD = "gnu++20";
				CLANG_ENABLE_MODULES = YES;
				CLANG_ENABLE_OBJC_ARC = YES;
				CLANG_ENABLE_OBJC_WEAK = YES;
				CLANG_WARN_BLOCK_CAPTURE_AUTORELEASING = YES;
				CLANG_WARN_BOOL_CONVERSION = YES;
				CLANG_WARN_COMMA = YES;
				CLANG_WARN_CONSTANT_CONVERSION = YES;
				CLANG_WARN_DEPRECATED_OBJC_IMPLEMENTATIONS = YES;
				CLANG_WARN_DIRECT_OBJC_ISA_USAGE = YES_ERROR;
				CLANG_WARN_DOCUMENTATION_COMMENTS = YES;
				CLANG_WARN_EMPTY_BODY = YES;
				CLANG_WARN_ENUM_CONVERSION = YES;
				CLANG_WARN_INFINITE_RECURSION = YES;
				CLANG_WARN_INT_CONVERSION = YES;
				CLANG_WARN_NON_LITERAL_NULL_CONVERSION = YES;
				CLANG_WARN_OBJC_IMPLICIT_RETAIN_SELF = YES;
				CLANG_WARN_OBJC_LITERAL_CONVERSION = YES;
				CLANG_WARN_OBJC_ROOT_CLASS = YES_ERROR;
				CLANG_WARN_QUOTED_INCLUDE_IN_FRAMEWORK_HEADER = YES;
				CLANG_WARN_RANGE_LOOP_ANALYSIS = YES;
				CLANG_WARN_STRICT_PROTOTYPES = YES;
				CLANG_WARN_SUSPICIOUS_MOVE = YES;
				CLANG_WARN_UNGUARDED_AVAILABILITY = YES_AGGRESSIVE;
				CLANG_WARN_UNREACHABLE_CODE = YES;
				CLANG_WARN__DUPLICATE_METHOD_MATCH = YES;
				COPY_PHASE_STRIP = NO;
				DEBUG_INFORMATION_FORMAT = "dwarf-with-dsym";
				ENABLE_NS_ASSERTIONS = NO;
				ENABLE_STRICT_OBJC_MSGSEND = YES;
				ENABLE_USER_SCRIPT_SANDBOXING = YES;
				GCC_C_LANGUAGE_STANDARD = gnu17;
				GCC_NO_COMMON_BLOCKS = YES;
				GCC_WARN_64_TO_32_BIT_CONVERSION = YES;
				GCC_WARN_ABOUT_RETURN_TYPE = YES_ERROR;
				GCC_WARN_UNDECLARED_SELECTOR = YES;
				GCC_WARN_UNINITIALIZED_AUTOS = YES_AGGRESSIVE;
				GCC_WARN_UNUSED_FUNCTION = YES;
				GCC_WARN_UNUSED_VARIABLE = YES;
				IPHONEOS_DEPLOYMENT_TARGET = 26.1;
				LOCALIZATION_PREFERS_STRING_CATALOGS = YES;
				MTL_ENABLE_DEBUG_INFO = NO;
				MTL_FAST_MATH = YES;
				SDKROOT = iphoneos;
				SWIFT_COMPILATION_MODE = wholemodule;
				VALIDATE_PRODUCT = YES;
			};
			name = Release;
		};
		55F0042D2EBA004A00C4CE12 /* Debug */ = {
			isa = XCBuildConfiguration;
			buildSettings = {
				BUNDLE_LOADER = "$(TEST_HOST)";
				CODE_SIGN_STYLE = Automatic;
				CURRENT_PROJECT_VERSION = 1;
				GENERATE_INFOPLIST_FILE = YES;
				IPHONEOS_DEPLOYMENT_TARGET = 26.1;
				MARKETING_VERSION = 1.0;
				PRODUCT_BUNDLE_IDENTIFIER = com.example.iCohort3Tests;
				PRODUCT_NAME = "$(TARGET_NAME)";
				STRING_CATALOG_GENERATE_SYMBOLS = NO;
				SWIFT_APPROACHABLE_CONCURRENCY = YES;
				SWIFT_EMIT_LOC_STRINGS = NO;
				SWIFT_UPCOMING_FEATURE_MEMBER_IMPORT_VISIBILITY = YES;
				SWIFT_VERSION = 5.0;
				TARGETED_DEVICE_FAMILY = "1,2";
				TEST_HOST = "$(BUILT_PRODUCTS_DIR)/iCohort3.app/$(BUNDLE_EXECUTABLE_FOLDER_PATH)/iCohort3";
			};
			name = Debug;
		};
		55F0042E2EBA004A00C4CE12 /* Release */ = {
			isa = XCBuildConfiguration;
			buildSettings = {
				BUNDLE_LOADER = "$(TEST_HOST)";
				CODE_SIGN_STYLE = Automatic;
				CURRENT_PROJECT_VERSION = 1;
				GENERATE_INFOPLIST_FILE = YES;
				IPHONEOS_DEPLOYMENT_TARGET = 26.1;
				MARKETING_VERSION = 1.0;
				PRODUCT_BUNDLE_IDENTIFIER = com.example.iCohort3Tests;
				PRODUCT_NAME = "$(TARGET_NAME)";
				STRING_CATALOG_GENERATE_SYMBOLS = NO;
				SWIFT_APPROACHABLE_CONCURRENCY = YES;
				SWIFT_EMIT_LOC_STRINGS = NO;
				SWIFT_UPCOMING_FEATURE_MEMBER_IMPORT_VISIBILITY = YES;
				SWIFT_VERSION = 5.0;
				TARGETED_DEVICE_FAMILY = "1,2";
				TEST_HOST = "$(BUILT_PRODUCTS_DIR)/iCohort3.app/$(BUNDLE_EXECUTABLE_FOLDER_PATH)/iCohort3";
			};
			name = Release;
		};
		55F004302EBA004A00C4CE12 /* Debug */ = {
			isa = XCBuildConfiguration;
			buildSettings = {
				CODE_SIGN_STYLE = Automatic;
				CURRENT_PROJECT_VERSION = 1;
				GENERATE_INFOPLIST_FILE = YES;
				MARKETING_VERSION = 1.0;
				PRODUCT_BUNDLE_IDENTIFIER = com.example.iCohort3UITests;
				PRODUCT_NAME = "$(TARGET_NAME)";
				STRING_CATALOG_GENERATE_SYMBOLS = NO;
				SWIFT_APPROACHABLE_CONCURRENCY = YES;
				SWIFT_EMIT_LOC_STRINGS = NO;
				SWIFT_UPCOMING_FEATURE_MEMBER_IMPORT_VISIBILITY = YES;
				SWIFT_VERSION = 5.0;
				TARGETED_DEVICE_FAMILY = "1,2";
				TEST_TARGET_NAME = iCohort3;
			};
			name = Debug;
		};
		55F004312EBA004A00C4CE12 /* Release */ = {
			isa = XCBuildConfiguration;
			buildSettings = {
				CODE_SIGN_STYLE = Automatic;
				CURRENT_PROJECT_VERSION = 1;
				GENERATE_INFOPLIST_FILE = YES;
				MARKETING_VERSION = 1.0;
				PRODUCT_BUNDLE_IDENTIFIER = com.example.iCohort3UITests;
				PRODUCT_NAME = "$(TARGET_NAME)";
				STRING_CATALOG_GENERATE_SYMBOLS = NO;
				SWIFT_APPROACHABLE_CONCURRENCY = YES;
				SWIFT_EMIT_LOC_STRINGS = NO;
				SWIFT_UPCOMING_FEATURE_MEMBER_IMPORT_VISIBILITY = YES;
				SWIFT_VERSION = 5.0;
				TARGETED_DEVICE_FAMILY = "1,2";
				TEST_TARGET_NAME = iCohort3;
			};
			name = Release;
		};
/* End XCBuildConfiguration section */

/* Begin XCConfigurationList section */
		55F003F92EBA004900C4CE12 /* Build configuration list for PBXProject "iCohort3" */ = {
			isa = XCConfigurationList;
			buildConfigurations = (
				55F0042A2EBA004A00C4CE12 /* Debug */,
				55F0042B2EBA004A00C4CE12 /* Release */,
			);
			defaultConfigurationIsVisible = 0;
			defaultConfigurationName = Release;
		};
		55F004272EBA004A00C4CE12 /* Build configuration list for PBXNativeTarget "iCohort3" */ = {
			isa = XCConfigurationList;
			buildConfigurations = (
				55F004282EBA004A00C4CE12 /* Debug */,
				55F004292EBA004A00C4CE12 /* Release */,
			);
			defaultConfigurationIsVisible = 0;
			defaultConfigurationName = Release;
		};
		55F0042C2EBA004A00C4CE12 /* Build configuration list for PBXNativeTarget "iCohort3Tests" */ = {
			isa = XCConfigurationList;
			buildConfigurations = (
				55F0042D2EBA004A00C4CE12 /* Debug */,
				55F0042E2EBA004A00C4CE12 /* Release */,
			);
			defaultConfigurationIsVisible = 0;
			defaultConfigurationName = Release;
		};
		55F0042F2EBA004A00C4CE12 /* Build configuration list for PBXNativeTarget "iCohort3UITests" */ = {
			isa = XCConfigurationList;
			buildConfigurations = (
				55F004302EBA004A00C4CE12 /* Debug */,
				55F004312EBA004A00C4CE12 /* Release */,
			);
			defaultConfigurationIsVisible = 0;
			defaultConfigurationName = Release;
		};
/* End XCConfigurationList section */

/* Begin XCRemoteSwiftPackageReference section */
		5912CD8A2ECD81AF00B6B4FA /* XCRemoteSwiftPackageReference "supabase-swift" */ = {
			isa = XCRemoteSwiftPackageReference;
			repositoryURL = "https://github.com/supabase-community/supabase-swift";
			requirement = {
				kind = upToNextMajorVersion;
				minimumVersion = 2.5.1;
			};
		};
/* End XCRemoteSwiftPackageReference section */

/* Begin XCSwiftPackageProductDependency section */
		5912CD8B2ECD81AF00B6B4FA /* Auth */ = {
			isa = XCSwiftPackageProductDependency;
			package = 5912CD8A2ECD81AF00B6B4FA /* XCRemoteSwiftPackageReference "supabase-swift" */;
			productName = Auth;
		};
		5912CD8D2ECD81AF00B6B4FA /* Functions */ = {
			isa = XCSwiftPackageProductDependency;
			package = 5912CD8A2ECD81AF00B6B4FA /* XCRemoteSwiftPackageReference "supabase-swift" */;
			productName = Functions;
		};
		5912CD8F2ECD81AF00B6B4FA /* PostgREST */ = {
			isa = XCSwiftPackageProductDependency;
			package = 5912CD8A2ECD81AF00B6B4FA /* XCRemoteSwiftPackageReference "supabase-swift" */;
			productName = PostgREST;
		};
		5912CD912ECD81AF00B6B4FA /* Realtime */ = {
			isa = XCSwiftPackageProductDependency;
			package = 5912CD8A2ECD81AF00B6B4FA /* XCRemoteSwiftPackageReference "supabase-swift" */;
			productName = Realtime;
		};
		5912CD932ECD81AF00B6B4FA /* Storage */ = {
			isa = XCSwiftPackageProductDependency;
			package = 5912CD8A2ECD81AF00B6B4FA /* XCRemoteSwiftPackageReference "supabase-swift" */;
			productName = Storage;
		};
		5912CD962ECD81C900B6B4FA /* Supabase */ = {
			isa = XCSwiftPackageProductDependency;
			package = 5912CD8A2ECD81AF00B6B4FA /* XCRemoteSwiftPackageReference "supabase-swift" */;
			productName = Supabase;
		};
/* End XCSwiftPackageProductDependency section */
	};
	rootObject = 55F003F62EBA004900C4CE12 /* Project object */;
}
